
Microsoft Visual Studio Solution File, Format Version 12.00
# Visual Studio Version 17
VisualStudioVersion = 17.3.32901.215
MinimumVisualStudioVersion = 10.0.40219.1
Project("{FAE04EC0-301F-11D3-BF4B-00C04F79EFBC}") = "PokemonReviewApp", "PokemonReviewApp\PokemonReviewApp.csproj", "{44D2FC16-524B-4C4C-A1B9-0C28EC6F0D3A}"
EndProject
Global
	GlobalSection(SolutionConfigurationPlatforms) = preSolution
		Debug|Any CPU = Debug|Any CPU
		Release|Any CPU = Release|Any CPU
	EndGlobalSection
	GlobalSection(ProjectConfigurationPlatforms) = postSolution
		{44D2FC16-524B-4C4C-A1B9-0C28EC6F0D3A}.Debug|Any CPU.ActiveCfg = Debug|Any CPU
		{44D2FC16-524B-4C4C-A1B9-0C28EC6F0D3A}.Debug|Any CPU.Build.0 = Debug|Any CPU
		{44D2FC16-524B-4C4C-A1B9-0C28EC6F0D3A}.Release|Any CPU.ActiveCfg = Release|Any CPU
		{44D2FC16-524B-4C4C-A1B9-0C28EC6F0D3A}.Release|Any CPU.Build.0 = Release|Any CPU
	EndGlobalSection
	GlobalSection(SolutionProperties) = preSolution
		HideSolutionNode = FALSE
	EndGlobalSection
	GlobalSection(ExtensibilityGlobals) = postSolution
		SolutionGuid = {89FDA2C0-0232-4174-B097-ECF2C6CCE859}
	EndGlobalSection
EndGlobal
